{
  "originHash" : "706dad5d3eccda60a4e9bc359d9687d9105a8430ef3fdfab03d26a7e9c560f7c",
  "pins" : [
    {
      "identity" : "latr-kit",
      "kind" : "remoteSourceControl",
      "location" : "https://github.com/Stygian-Tech/latr-kit.git",
      "state" : {
        "revision" : "f0e2ce680b07fa41d28d7b1cfeac01a25d5df2c6"
      }
    },
    {
      "identity" : "swift-asn1",
      "kind" : "remoteSourceControl",
      "location" : "https://github.com/apple/swift-asn1.git",
      "state" : {
        "revision" : "a9a5efd40eaf558a2bcd48d64b1d1646be686008",
        "version" : "1.7.1"
      }
    },
    {
      "identity" : "swift-crypto",
      "kind" : "remoteSourceControl",
      "location" : "https://github.com/apple/swift-crypto.git",
      "state" : {
        "revision" : "95ba0316a9b733e92bb6b071255ff46263bbe7dc",
        "version" : "3.15.1"
      }
    }
  ],
  "version" : 3
}
